
Microsoft Visual Studio Solution File, Format Version 12.00
# Visual Studio Version 17
VisualStudioVersion = 17.14.36408.4
MinimumVisualStudioVersion = 10.0.40219.1
Project("{FAE04EC0-301F-11D3-BF4B-00C04F79EFBC}") = "CodeStudy_homework_1", "CodeStudy_homework\CodeStudy_homework_1.csproj", "{3A9DD94B-6DA2-4EC9-938A-9D25E4347583}"
EndProject
Project("{FAE04EC0-301F-11D3-BF4B-00C04F79EFBC}") = "homework2", "homework2\homework2.csproj", "{1C4D067E-B64C-4A5E-A437-4BC4E8A832F9}"
EndProject
Project("{FAE04EC0-301F-11D3-BF4B-00C04F79EFBC}") = "hw3", "hw3\hw3.csproj", "{FE05422C-8C3A-4182-B897-2BF9979E305C}"
EndProject
Project("{FAE04EC0-301F-11D3-BF4B-00C04F79EFBC}") = "hw4", "hw4\hw4.csproj", "{76677108-6AD4-4F01-90AE-34C8861A6A47}"
EndProject
Global
	GlobalSection(SolutionConfigurationPlatforms) = preSolution
		Debug|Any CPU = Debug|Any CPU
		Release|Any CPU = Release|Any CPU
	EndGlobalSection
	GlobalSection(ProjectConfigurationPlatforms) = postSolution
		{3A9DD94B-6DA2-4EC9-938A-9D25E4347583}.Debug|Any CPU.ActiveCfg = Debug|Any CPU
		{3A9DD94B-6DA2-4EC9-938A-9D25E4347583}.Debug|Any CPU.Build.0 = Debug|Any CPU
		{3A9DD94B-6DA2-4EC9-938A-9D25E4347583}.Release|Any CPU.ActiveCfg = Release|Any CPU
		{3A9DD94B-6DA2-4EC9-938A-9D25E4347583}.Release|Any CPU.Build.0 = Release|Any CPU
		{1C4D067E-B64C-4A5E-A437-4BC4E8A832F9}.Debug|Any CPU.ActiveCfg = Debug|Any CPU
		{1C4D067E-B64C-4A5E-A437-4BC4E8A832F9}.Debug|Any CPU.Build.0 = Debug|Any CPU
		{1C4D067E-B64C-4A5E-A437-4BC4E8A832F9}.Release|Any CPU.ActiveCfg = Release|Any CPU
		{1C4D067E-B64C-4A5E-A437-4BC4E8A832F9}.Release|Any CPU.Build.0 = Release|Any CPU
		{FE05422C-8C3A-4182-B897-2BF9979E305C}.Debug|Any CPU.ActiveCfg = Debug|Any CPU
		{FE05422C-8C3A-4182-B897-2BF9979E305C}.Debug|Any CPU.Build.0 = Debug|Any CPU
		{FE05422C-8C3A-4182-B897-2BF9979E305C}.Release|Any CPU.ActiveCfg = Release|Any CPU
		{FE05422C-8C3A-4182-B897-2BF9979E305C}.Release|Any CPU.Build.0 = Release|Any CPU
		{76677108-6AD4-4F01-90AE-34C8861A6A47}.Debug|Any CPU.ActiveCfg = Debug|Any CPU
		{76677108-6AD4-4F01-90AE-34C8861A6A47}.Debug|Any CPU.Build.0 = Debug|Any CPU
		{76677108-6AD4-4F01-90AE-34C8861A6A47}.Release|Any CPU.ActiveCfg = Release|Any CPU
		{76677108-6AD4-4F01-90AE-34C8861A6A47}.Release|Any CPU.Build.0 = Release|Any CPU
	EndGlobalSection
	GlobalSection(SolutionProperties) = preSolution
		HideSolutionNode = FALSE
	EndGlobalSection
	GlobalSection(ExtensibilityGlobals) = postSolution
		SolutionGuid = {49160CAE-3F4F-41B5-8598-B0272D558C0D}
	EndGlobalSection
EndGlobal
